
Microsoft Visual Studio Solution File, Format Version 12.00
# Visual Studio Version 16
VisualStudioVersion = 16.0.31624.102
MinimumVisualStudioVersion = 10.0.40219.1
Project("{FAE04EC0-301F-11D3-BF4B-00C04F79EFBC}") = "TaskExample", "TaskExample\TaskExample.csproj", "{B0B19690-90EA-47A8-82BF-936982ADA572}"
EndProject
Global
	GlobalSection(SolutionConfigurationPlatforms) = preSolution
		Debug|Any CPU = Debug|Any CPU
		Release|Any CPU = Release|Any CPU
	EndGlobalSection
	GlobalSection(ProjectConfigurationPlatforms) = postSolution
		{B0B19690-90EA-47A8-82BF-936982ADA572}.Debug|Any CPU.ActiveCfg = Debug|Any CPU
		{B0B19690-90EA-47A8-82BF-936982ADA572}.Debug|Any CPU.Build.0 = Debug|Any CPU
		{B0B19690-90EA-47A8-82BF-936982ADA572}.Release|Any CPU.ActiveCfg = Release|Any CPU
		{B0B19690-90EA-47A8-82BF-936982ADA572}.Release|Any CPU.Build.0 = Release|Any CPU
	EndGlobalSection
	GlobalSection(SolutionProperties) = preSolution
		HideSolutionNode = FALSE
	EndGlobalSection
	GlobalSection(ExtensibilityGlobals) = postSolution
		SolutionGuid = {6F6D61B2-4DF2-4E46-AB4A-E21E6FACBC27}
	EndGlobalSection
EndGlobal
